
Microsoft Visual Studio Solution File, Format Version 12.00
# Visual Studio 15
VisualStudioVersion = 15.0.28307.438
MinimumVisualStudioVersion = 10.0.40219.1
Project("{9A19103F-16F7-4668-BE54-9A1E7A4F7556}") = "dotnet-dlla", "src\dotnet-dlla.csproj", "{6485C88F-F9F6-46C5-AAAA-1FAA8157CF77}"
EndProject
Global
	GlobalSection(SolutionConfigurationPlatforms) = preSolution
		Debug|Any CPU = Debug|Any CPU
		Release|Any CPU = Release|Any CPU
	EndGlobalSection
	GlobalSection(ProjectConfigurationPlatforms) = postSolution
		{6485C88F-F9F6-46C5-AAAA-1FAA8157CF77}.Debug|Any CPU.ActiveCfg = Debug|Any CPU
		{6485C88F-F9F6-46C5-AAAA-1FAA8157CF77}.Debug|Any CPU.Build.0 = Debug|Any CPU
		{6485C88F-F9F6-46C5-AAAA-1FAA8157CF77}.Release|Any CPU.ActiveCfg = Release|Any CPU
		{6485C88F-F9F6-46C5-AAAA-1FAA8157CF77}.Release|Any CPU.Build.0 = Release|Any CPU
	EndGlobalSection
	GlobalSection(SolutionProperties) = preSolution
		HideSolutionNode = FALSE
	EndGlobalSection
	GlobalSection(ExtensibilityGlobals) = postSolution
		SolutionGuid = {11BF3090-E37F-447F-9B7E-7D2FB3AF80EB}
	EndGlobalSection
EndGlobal
